
Microsoft Visual Studio Solution File, Format Version 12.00
# Visual Studio 14
VisualStudioVersion = 14.0.25420.1
MinimumVisualStudioVersion = 10.0.40219.1
Project("{2150E333-8FDC-42A3-9474-1A3956D46DE8}") = "00. Client", "00. Client", "{5F887DC7-949D-474D-B8CF-83CE6144263D}"
EndProject
Project("{2150E333-8FDC-42A3-9474-1A3956D46DE8}") = "01. Engine", "01. Engine", "{4CA8E326-BE90-4460-8A1D-A9F590E2DBDA}"
EndProject
Project("{2150E333-8FDC-42A3-9474-1A3956D46DE8}") = "02. Base", "02. Base", "{3FC36244-8B2B-41AD-B6B1-CE695FF5F001}"
	ProjectSection(SolutionItems) = preProject
		Base\Base.h = Base\Base.h
		Base\Base.inl = Base\Base.inl
	EndProjectSection
EndProject
Project("{8BC9CEB8-8B4A-11D0-8D11-00A0C91BC942}") = "Client", "Client\Default\Client.vcxproj", "{F6A97BE0-392F-4276-B145-7BF101F9B117}"
	ProjectSection(ProjectDependencies) = postProject
		{1409D018-E06D-46F6-B42D-8431D19D7BCE} = {1409D018-E06D-46F6-B42D-8431D19D7BCE}
		{53F7A81A-0381-4F29-8D68-EA73E3108633} = {53F7A81A-0381-4F29-8D68-EA73E3108633}
		{8274F3C1-DB92-4422-B82E-4EC1D0A6DB60} = {8274F3C1-DB92-4422-B82E-4EC1D0A6DB60}
	EndProjectSection
EndProject
Project("{2150E333-8FDC-42A3-9474-1A3956D46DE8}") = "00. System", "00. System", "{2B856BF2-DA43-4F13-B07C-F4AA2F0E0375}"
EndProject
Project("{8BC9CEB8-8B4A-11D0-8D11-00A0C91BC942}") = "System", "Engine\System\Default\System.vcxproj", "{53F7A81A-0381-4F29-8D68-EA73E3108633}"
EndProject
Project("{2150E333-8FDC-42A3-9474-1A3956D46DE8}") = "03. Header", "03. Header", "{089E3E45-F8E6-4C27-B775-E575386ADBC7}"
	ProjectSection(SolutionItems) = preProject
		Engine\Header\Engine_Define.h = Engine\Header\Engine_Define.h
		Engine\Header\Engine_Enum.h = Engine\Header\Engine_Enum.h
		Engine\Header\Engine_Function.h = Engine\Header\Engine_Function.h
		Engine\Header\Engine_Macro.h = Engine\Header\Engine_Macro.h
		Engine\Header\Engine_Struct.h = Engine\Header\Engine_Struct.h
		Engine\Header\Engine_Typedef.h = Engine\Header\Engine_Typedef.h
		Engine\Header\Export_Function.h = Engine\Header\Export_Function.h
	EndProjectSection
EndProject
Project("{2150E333-8FDC-42A3-9474-1A3956D46DE8}") = "01. Resources", "01. Resources", "{77D971FA-C20E-417D-83B3-DC5BF2D79D69}"
EndProject
Project("{8BC9CEB8-8B4A-11D0-8D11-00A0C91BC942}") = "Resources", "Engine\Resources\Default\Resources.vcxproj", "{1409D018-E06D-46F6-B42D-8431D19D7BCE}"
EndProject
Project("{2150E333-8FDC-42A3-9474-1A3956D46DE8}") = "02. Utility", "02. Utility", "{B75A44CD-C054-4303-B505-FC26B63F1EA1}"
EndProject
Project("{8BC9CEB8-8B4A-11D0-8D11-00A0C91BC942}") = "Utility", "Engine\Utility\Default\Utility.vcxproj", "{8274F3C1-DB92-4422-B82E-4EC1D0A6DB60}"
EndProject
Global
	GlobalSection(SolutionConfigurationPlatforms) = preSolution
		Debug|x64 = Debug|x64
		Debug|x86 = Debug|x86
		Release|x64 = Release|x64
		Release|x86 = Release|x86
	EndGlobalSection
	GlobalSection(ProjectConfigurationPlatforms) = postSolution
		{F6A97BE0-392F-4276-B145-7BF101F9B117}.Debug|x64.ActiveCfg = Debug|x64
		{F6A97BE0-392F-4276-B145-7BF101F9B117}.Debug|x64.Build.0 = Debug|x64
		{F6A97BE0-392F-4276-B145-7BF101F9B117}.Debug|x86.ActiveCfg = Debug|Win32
		{F6A97BE0-392F-4276-B145-7BF101F9B117}.Debug|x86.Build.0 = Debug|Win32
		{F6A97BE0-392F-4276-B145-7BF101F9B117}.Release|x64.ActiveCfg = Release|x64
		{F6A97BE0-392F-4276-B145-7BF101F9B117}.Release|x64.Build.0 = Release|x64
		{F6A97BE0-392F-4276-B145-7BF101F9B117}.Release|x86.ActiveCfg = Release|Win32
		{F6A97BE0-392F-4276-B145-7BF101F9B117}.Release|x86.Build.0 = Release|Win32
		{53F7A81A-0381-4F29-8D68-EA73E3108633}.Debug|x64.ActiveCfg = Debug|x64
		{53F7A81A-0381-4F29-8D68-EA73E3108633}.Debug|x64.Build.0 = Debug|x64
		{53F7A81A-0381-4F29-8D68-EA73E3108633}.Debug|x86.ActiveCfg = Debug|Win32
		{53F7A81A-0381-4F29-8D68-EA73E3108633}.Debug|x86.Build.0 = Debug|Win32
		{53F7A81A-0381-4F29-8D68-EA73E3108633}.Release|x64.ActiveCfg = Release|x64
		{53F7A81A-0381-4F29-8D68-EA73E3108633}.Release|x64.Build.0 = Release|x64
		{53F7A81A-0381-4F29-8D68-EA73E3108633}.Release|x86.ActiveCfg = Release|Win32
		{53F7A81A-0381-4F29-8D68-EA73E3108633}.Release|x86.Build.0 = Release|Win32
		{1409D018-E06D-46F6-B42D-8431D19D7BCE}.Debug|x64.ActiveCfg = Debug|x64
		{1409D018-E06D-46F6-B42D-8431D19D7BCE}.Debug|x64.Build.0 = Debug|x64
		{1409D018-E06D-46F6-B42D-8431D19D7BCE}.Debug|x86.ActiveCfg = Debug|Win32
		{1409D018-E06D-46F6-B42D-8431D19D7BCE}.Debug|x86.Build.0 = Debug|Win32
		{1409D018-E06D-46F6-B42D-8431D19D7BCE}.Release|x64.ActiveCfg = Release|x64
		{1409D018-E06D-46F6-B42D-8431D19D7BCE}.Release|x64.Build.0 = Release|x64
		{1409D018-E06D-46F6-B42D-8431D19D7BCE}.Release|x86.ActiveCfg = Release|Win32
		{1409D018-E06D-46F6-B42D-8431D19D7BCE}.Release|x86.Build.0 = Release|Win32
		{8274F3C1-DB92-4422-B82E-4EC1D0A6DB60}.Debug|x64.ActiveCfg = Debug|x64
		{8274F3C1-DB92-4422-B82E-4EC1D0A6DB60}.Debug|x64.Build.0 = Debug|x64
		{8274F3C1-DB92-4422-B82E-4EC1D0A6DB60}.Debug|x86.ActiveCfg = Debug|Win32
		{8274F3C1-DB92-4422-B82E-4EC1D0A6DB60}.Debug|x86.Build.0 = Debug|Win32
		{8274F3C1-DB92-4422-B82E-4EC1D0A6DB60}.Release|x64.ActiveCfg = Release|x64
		{8274F3C1-DB92-4422-B82E-4EC1D0A6DB60}.Release|x64.Build.0 = Release|x64
		{8274F3C1-DB92-4422-B82E-4EC1D0A6DB60}.Release|x86.ActiveCfg = Release|Win32
		{8274F3C1-DB92-4422-B82E-4EC1D0A6DB60}.Release|x86.Build.0 = Release|Win32
	EndGlobalSection
	GlobalSection(SolutionProperties) = preSolution
		HideSolutionNode = FALSE
	EndGlobalSection
	GlobalSection(NestedProjects) = preSolution
		{F6A97BE0-392F-4276-B145-7BF101F9B117} = {5F887DC7-949D-474D-B8CF-83CE6144263D}
		{2B856BF2-DA43-4F13-B07C-F4AA2F0E0375} = {4CA8E326-BE90-4460-8A1D-A9F590E2DBDA}
		{53F7A81A-0381-4F29-8D68-EA73E3108633} = {2B856BF2-DA43-4F13-B07C-F4AA2F0E0375}
		{089E3E45-F8E6-4C27-B775-E575386ADBC7} = {4CA8E326-BE90-4460-8A1D-A9F590E2DBDA}
		{77D971FA-C20E-417D-83B3-DC5BF2D79D69} = {4CA8E326-BE90-4460-8A1D-A9F590E2DBDA}
		{1409D018-E06D-46F6-B42D-8431D19D7BCE} = {77D971FA-C20E-417D-83B3-DC5BF2D79D69}
		{B75A44CD-C054-4303-B505-FC26B63F1EA1} = {4CA8E326-BE90-4460-8A1D-A9F590E2DBDA}
		{8274F3C1-DB92-4422-B82E-4EC1D0A6DB60} = {B75A44CD-C054-4303-B505-FC26B63F1EA1}
	EndGlobalSection
EndGlobal
